
Microsoft Visual Studio Solution File, Format Version 12.00
# Visual Studio Version 17
VisualStudioVersion = 17.7.34221.43
MinimumVisualStudioVersion = 10.0.40219.1
Project("{8BC9CEB8-8B4A-11D0-8D11-00A0C91BC942}") = "Project 1 Tic Tac Toe", "Project 1 Tic Tac Toe.vcxproj", "{635675F0-F8FD-4A6E-99EC-9B9B4D4A8049}"
EndProject
Project("{8BC9CEB8-8B4A-11D0-8D11-00A0C91BC942}") = "Hi Low", "..\Hi Low\Hi Low.vcxproj", "{42879C26-A85B-44E6-9E39-D5B4560966A3}"
EndProject
Global
	GlobalSection(SolutionConfigurationPlatforms) = preSolution
		Debug|x64 = Debug|x64
		Debug|x86 = Debug|x86
		Release|x64 = Release|x64
		Release|x86 = Release|x86
	EndGlobalSection
	GlobalSection(ProjectConfigurationPlatforms) = postSolution
		{635675F0-F8FD-4A6E-99EC-9B9B4D4A8049}.Debug|x64.ActiveCfg = Debug|x64
		{635675F0-F8FD-4A6E-99EC-9B9B4D4A8049}.Debug|x64.Build.0 = Debug|x64
		{635675F0-F8FD-4A6E-99EC-9B9B4D4A8049}.Debug|x86.ActiveCfg = Debug|Win32
		{635675F0-F8FD-4A6E-99EC-9B9B4D4A8049}.Debug|x86.Build.0 = Debug|Win32
		{635675F0-F8FD-4A6E-99EC-9B9B4D4A8049}.Release|x64.ActiveCfg = Release|x64
		{635675F0-F8FD-4A6E-99EC-9B9B4D4A8049}.Release|x64.Build.0 = Release|x64
		{635675F0-F8FD-4A6E-99EC-9B9B4D4A8049}.Release|x86.ActiveCfg = Release|Win32
		{635675F0-F8FD-4A6E-99EC-9B9B4D4A8049}.Release|x86.Build.0 = Release|Win32
		{42879C26-A85B-44E6-9E39-D5B4560966A3}.Debug|x64.ActiveCfg = Debug|x64
		{42879C26-A85B-44E6-9E39-D5B4560966A3}.Debug|x64.Build.0 = Debug|x64
		{42879C26-A85B-44E6-9E39-D5B4560966A3}.Debug|x86.ActiveCfg = Debug|Win32
		{42879C26-A85B-44E6-9E39-D5B4560966A3}.Debug|x86.Build.0 = Debug|Win32
		{42879C26-A85B-44E6-9E39-D5B4560966A3}.Release|x64.ActiveCfg = Release|x64
		{42879C26-A85B-44E6-9E39-D5B4560966A3}.Release|x64.Build.0 = Release|x64
		{42879C26-A85B-44E6-9E39-D5B4560966A3}.Release|x86.ActiveCfg = Release|Win32
		{42879C26-A85B-44E6-9E39-D5B4560966A3}.Release|x86.Build.0 = Release|Win32
	EndGlobalSection
	GlobalSection(SolutionProperties) = preSolution
		HideSolutionNode = FALSE
	EndGlobalSection
	GlobalSection(ExtensibilityGlobals) = postSolution
		SolutionGuid = {819D5DE2-8C53-4D18-9FE7-4F1CA34347F6}
	EndGlobalSection
EndGlobal
